
Microsoft Visual Studio Solution File, Format Version 12.00
# Visual Studio Version 17
VisualStudioVersion = 17.9.34723.18
MinimumVisualStudioVersion = 10.0.40219.1
Project("{9A19103F-16F7-4668-BE54-9A1E7A4F7556}") = "NZWalks.API", "NZWalks.API\NZWalks.API.csproj", "{1457B1DF-86FA-408C-B591-5A2E023071A3}"
EndProject
Project("{9A19103F-16F7-4668-BE54-9A1E7A4F7556}") = "NZWalks.Service", "NZWalks.Service\NZWalks.Service.csproj", "{78460E9B-FD53-487D-904C-65E54FACCCF5}"
EndProject
Project("{9A19103F-16F7-4668-BE54-9A1E7A4F7556}") = "NZWalks.Model", "NZWalks.Model\NZWalks.Model.csproj", "{597BD846-11E7-4358-BC50-AF89D3816E46}"
EndProject
Project("{9A19103F-16F7-4668-BE54-9A1E7A4F7556}") = "NZWalks.DataAccess", "NZWalks.DataAccess\NZWalks.DataAccess.csproj", "{91C688F3-6170-4FBE-9EA4-6EB39C79F79E}"
EndProject
Project("{FAE04EC0-301F-11D3-BF4B-00C04F79EFBC}") = "Service.Tests", "Service.Tests\Service.Tests.csproj", "{25FC1652-C502-487C-94A5-E62D8711C25D}"
EndProject
Global
	GlobalSection(SolutionConfigurationPlatforms) = preSolution
		Debug|Any CPU = Debug|Any CPU
		Release|Any CPU = Release|Any CPU
	EndGlobalSection
	GlobalSection(ProjectConfigurationPlatforms) = postSolution
		{1457B1DF-86FA-408C-B591-5A2E023071A3}.Debug|Any CPU.ActiveCfg = Debug|Any CPU
		{1457B1DF-86FA-408C-B591-5A2E023071A3}.Debug|Any CPU.Build.0 = Debug|Any CPU
		{1457B1DF-86FA-408C-B591-5A2E023071A3}.Release|Any CPU.ActiveCfg = Release|Any CPU
		{1457B1DF-86FA-408C-B591-5A2E023071A3}.Release|Any CPU.Build.0 = Release|Any CPU
		{78460E9B-FD53-487D-904C-65E54FACCCF5}.Debug|Any CPU.ActiveCfg = Debug|Any CPU
		{78460E9B-FD53-487D-904C-65E54FACCCF5}.Debug|Any CPU.Build.0 = Debug|Any CPU
		{78460E9B-FD53-487D-904C-65E54FACCCF5}.Release|Any CPU.ActiveCfg = Release|Any CPU
		{78460E9B-FD53-487D-904C-65E54FACCCF5}.Release|Any CPU.Build.0 = Release|Any CPU
		{597BD846-11E7-4358-BC50-AF89D3816E46}.Debug|Any CPU.ActiveCfg = Debug|Any CPU
		{597BD846-11E7-4358-BC50-AF89D3816E46}.Debug|Any CPU.Build.0 = Debug|Any CPU
		{597BD846-11E7-4358-BC50-AF89D3816E46}.Release|Any CPU.ActiveCfg = Release|Any CPU
		{597BD846-11E7-4358-BC50-AF89D3816E46}.Release|Any CPU.Build.0 = Release|Any CPU
		{91C688F3-6170-4FBE-9EA4-6EB39C79F79E}.Debug|Any CPU.ActiveCfg = Debug|Any CPU
		{91C688F3-6170-4FBE-9EA4-6EB39C79F79E}.Debug|Any CPU.Build.0 = Debug|Any CPU
		{91C688F3-6170-4FBE-9EA4-6EB39C79F79E}.Release|Any CPU.ActiveCfg = Release|Any CPU
		{91C688F3-6170-4FBE-9EA4-6EB39C79F79E}.Release|Any CPU.Build.0 = Release|Any CPU
		{25FC1652-C502-487C-94A5-E62D8711C25D}.Debug|Any CPU.ActiveCfg = Debug|Any CPU
		{25FC1652-C502-487C-94A5-E62D8711C25D}.Debug|Any CPU.Build.0 = Debug|Any CPU
		{25FC1652-C502-487C-94A5-E62D8711C25D}.Release|Any CPU.ActiveCfg = Release|Any CPU
		{25FC1652-C502-487C-94A5-E62D8711C25D}.Release|Any CPU.Build.0 = Release|Any CPU
	EndGlobalSection
	GlobalSection(SolutionProperties) = preSolution
		HideSolutionNode = FALSE
	EndGlobalSection
	GlobalSection(ExtensibilityGlobals) = postSolution
		SolutionGuid = {ACC49037-1031-43C5-A608-544868BD2E70}
	EndGlobalSection
EndGlobal
